
Microsoft Visual Studio Solution File, Format Version 12.00
# Visual Studio Version 16
VisualStudioVersion = 16.0.31112.23
MinimumVisualStudioVersion = 10.0.40219.1
Project("{9A19103F-16F7-4668-BE54-9A1E7A4F7556}") = "001-Multithreading", "001-Multithreading\001-Multithreading.csproj", "{651DD5A1-74B2-44B5-AEC3-23F88300BF31}"
EndProject
Project("{9A19103F-16F7-4668-BE54-9A1E7A4F7556}") = "002-MultithreadingUsingLocking", "002-MultithreadingUsingLocking\002-MultithreadingUsingLocking.csproj", "{180494B6-2BAE-4C75-8A97-5969653FD69D}"
EndProject
Project("{9A19103F-16F7-4668-BE54-9A1E7A4F7556}") = "003-MultithreadingUsingMutex", "003-MultithreadingUsingMutex\003-MultithreadingUsingMutex.csproj", "{D75327A0-AD20-44CB-BBB5-ED593BFE804B}"
EndProject
Project("{FAE04EC0-301F-11D3-BF4B-00C04F79EFBC}") = "004-Semaphore", "004-Semaphore\004-Semaphore.csproj", "{7962AC88-AB39-498A-8FF7-D90B9314F2AE}"
EndProject
Global
	GlobalSection(SolutionConfigurationPlatforms) = preSolution
		Debug|Any CPU = Debug|Any CPU
		Release|Any CPU = Release|Any CPU
	EndGlobalSection
	GlobalSection(ProjectConfigurationPlatforms) = postSolution
		{651DD5A1-74B2-44B5-AEC3-23F88300BF31}.Debug|Any CPU.ActiveCfg = Debug|Any CPU
		{651DD5A1-74B2-44B5-AEC3-23F88300BF31}.Debug|Any CPU.Build.0 = Debug|Any CPU
		{651DD5A1-74B2-44B5-AEC3-23F88300BF31}.Release|Any CPU.ActiveCfg = Release|Any CPU
		{651DD5A1-74B2-44B5-AEC3-23F88300BF31}.Release|Any CPU.Build.0 = Release|Any CPU
		{180494B6-2BAE-4C75-8A97-5969653FD69D}.Debug|Any CPU.ActiveCfg = Debug|Any CPU
		{180494B6-2BAE-4C75-8A97-5969653FD69D}.Debug|Any CPU.Build.0 = Debug|Any CPU
		{180494B6-2BAE-4C75-8A97-5969653FD69D}.Release|Any CPU.ActiveCfg = Release|Any CPU
		{180494B6-2BAE-4C75-8A97-5969653FD69D}.Release|Any CPU.Build.0 = Release|Any CPU
		{D75327A0-AD20-44CB-BBB5-ED593BFE804B}.Debug|Any CPU.ActiveCfg = Debug|Any CPU
		{D75327A0-AD20-44CB-BBB5-ED593BFE804B}.Debug|Any CPU.Build.0 = Debug|Any CPU
		{D75327A0-AD20-44CB-BBB5-ED593BFE804B}.Release|Any CPU.ActiveCfg = Release|Any CPU
		{D75327A0-AD20-44CB-BBB5-ED593BFE804B}.Release|Any CPU.Build.0 = Release|Any CPU
		{7962AC88-AB39-498A-8FF7-D90B9314F2AE}.Debug|Any CPU.ActiveCfg = Debug|Any CPU
		{7962AC88-AB39-498A-8FF7-D90B9314F2AE}.Debug|Any CPU.Build.0 = Debug|Any CPU
		{7962AC88-AB39-498A-8FF7-D90B9314F2AE}.Release|Any CPU.ActiveCfg = Release|Any CPU
		{7962AC88-AB39-498A-8FF7-D90B9314F2AE}.Release|Any CPU.Build.0 = Release|Any CPU
	EndGlobalSection
	GlobalSection(SolutionProperties) = preSolution
		HideSolutionNode = FALSE
	EndGlobalSection
	GlobalSection(ExtensibilityGlobals) = postSolution
		SolutionGuid = {CE7D73BC-0EE7-46E7-9D43-51FEC4BA09EE}
	EndGlobalSection
EndGlobal
