
Microsoft Visual Studio Solution File, Format Version 12.00
# Visual Studio Version 16
VisualStudioVersion = 16.0.31112.23
MinimumVisualStudioVersion = 10.0.40219.1
Project("{FAE04EC0-301F-11D3-BF4B-00C04F79EFBC}") = "001-Multithreading", "001-Multithreading\001-Multithreading.csproj", "{651DD5A1-74B2-44B5-AEC3-23F88300BF31}"
EndProject
Global
	GlobalSection(SolutionConfigurationPlatforms) = preSolution
		Debug|Any CPU = Debug|Any CPU
		Release|Any CPU = Release|Any CPU
	EndGlobalSection
	GlobalSection(ProjectConfigurationPlatforms) = postSolution
		{651DD5A1-74B2-44B5-AEC3-23F88300BF31}.Debug|Any CPU.ActiveCfg = Debug|Any CPU
		{651DD5A1-74B2-44B5-AEC3-23F88300BF31}.Debug|Any CPU.Build.0 = Debug|Any CPU
		{651DD5A1-74B2-44B5-AEC3-23F88300BF31}.Release|Any CPU.ActiveCfg = Release|Any CPU
		{651DD5A1-74B2-44B5-AEC3-23F88300BF31}.Release|Any CPU.Build.0 = Release|Any CPU
	EndGlobalSection
	GlobalSection(SolutionProperties) = preSolution
		HideSolutionNode = FALSE
	EndGlobalSection
	GlobalSection(ExtensibilityGlobals) = postSolution
		SolutionGuid = {CE7D73BC-0EE7-46E7-9D43-51FEC4BA09EE}
	EndGlobalSection
EndGlobal
